// !$*UTF8*$!
{
	archiveVersion = 1;
	classes = {
	};
	objectVersion = 56;
	objects = {

/* Begin PBXBuildFile section */
		6C684E072BD84FD20049164B /* StationModel.swift in Sources */ = {isa = PBXBuildFile; fileRef = 6C684E062BD84FD20049164B /* StationModel.swift */; };
		6C684E0D2BD860DA0049164B /* ApiError.swift in Sources */ = {isa = PBXBuildFile; fileRef = 6C684E0C2BD860DA0049164B /* ApiError.swift */; };
		6C684E132BD97C2E0049164B /* DataManager.swift in Sources */ = {isa = PBXBuildFile; fileRef = 6C684E122BD97C2E0049164B /* DataManager.swift */; };
		6C684E152BD97E430049164B /* StationStatusModel.swift in Sources */ = {isa = PBXBuildFile; fileRef = 6C684E142BD97E430049164B /* StationStatusModel.swift */; };
		6C684E182BDADEC90049164B /* MapViewController.swift in Sources */ = {isa = PBXBuildFile; fileRef = 6C684E162BDADEC90049164B /* MapViewController.swift */; };
		6C684E192BDADEC90049164B /* MapViewController.xib in Resources */ = {isa = PBXBuildFile; fileRef = 6C684E172BDADEC90049164B /* MapViewController.xib */; };
		6C684E1D2BDAE39B0049164B /* StationInfoView.swift in Sources */ = {isa = PBXBuildFile; fileRef = 6C684E1B2BDAE39B0049164B /* StationInfoView.swift */; };
		6C684E1E2BDAE39B0049164B /* StationInfoView.xib in Resources */ = {isa = PBXBuildFile; fileRef = 6C684E1C2BDAE39B0049164B /* StationInfoView.xib */; };
		6CF531852BD82A3E0084B183 /* AppDelegate.swift in Sources */ = {isa = PBXBuildFile; fileRef = 6CF531842BD82A3E0084B183 /* AppDelegate.swift */; };
		6CF531872BD82A3E0084B183 /* SceneDelegate.swift in Sources */ = {isa = PBXBuildFile; fileRef = 6CF531862BD82A3E0084B183 /* SceneDelegate.swift */; };
		6CF531892BD82A3E0084B183 /* ViewController.swift in Sources */ = {isa = PBXBuildFile; fileRef = 6CF531882BD82A3E0084B183 /* ViewController.swift */; };
		6CF5318C2BD82A3E0084B183 /* Main.storyboard in Resources */ = {isa = PBXBuildFile; fileRef = 6CF5318A2BD82A3E0084B183 /* Main.storyboard */; };
		6CF5318F2BD82A3E0084B183 /* bikeFinder.xcdatamodeld in Sources */ = {isa = PBXBuildFile; fileRef = 6CF5318D2BD82A3E0084B183 /* bikeFinder.xcdatamodeld */; };
		6CF531912BD82A420084B183 /* Assets.xcassets in Resources */ = {isa = PBXBuildFile; fileRef = 6CF531902BD82A420084B183 /* Assets.xcassets */; };
		6CF531942BD82A420084B183 /* LaunchScreen.storyboard in Resources */ = {isa = PBXBuildFile; fileRef = 6CF531922BD82A420084B183 /* LaunchScreen.storyboard */; };
		6CF5319C2BD82EA40084B183 /* ApiConnector.swift in Sources */ = {isa = PBXBuildFile; fileRef = 6CF5319B2BD82EA40084B183 /* ApiConnector.swift */; };
		6CF5319F2BD832380084B183 /* ApiStationInformation.swift in Sources */ = {isa = PBXBuildFile; fileRef = 6CF5319E2BD832380084B183 /* ApiStationInformation.swift */; };
		6CF531A22BD83B440084B183 /* ApiConfig.swift in Sources */ = {isa = PBXBuildFile; fileRef = 6CF531A12BD83B440084B183 /* ApiConfig.swift */; };
		6CF531A42BD83B670084B183 /* UrlFactory.swift in Sources */ = {isa = PBXBuildFile; fileRef = 6CF531A32BD83B670084B183 /* UrlFactory.swift */; };
		6CF531A62BD83B8B0084B183 /* ApiStationStatus.swift in Sources */ = {isa = PBXBuildFile; fileRef = 6CF531A52BD83B8B0084B183 /* ApiStationStatus.swift */; };
		6CF531AA2BD83FAC0084B183 /* StationCell.swift in Sources */ = {isa = PBXBuildFile; fileRef = 6CF531A82BD83FAC0084B183 /* StationCell.swift */; };
		6CF531AB2BD83FAC0084B183 /* StationCell.xib in Resources */ = {isa = PBXBuildFile; fileRef = 6CF531A92BD83FAC0084B183 /* StationCell.xib */; };
/* End PBXBuildFile section */

/* Begin PBXFileReference section */
		6C684E062BD84FD20049164B /* StationModel.swift */ = {isa = PBXFileReference; lastKnownFileType = sourcecode.swift; path = StationModel.swift; sourceTree = "<group>"; };
		6C684E0C2BD860DA0049164B /* ApiError.swift */ = {isa = PBXFileReference; lastKnownFileType = sourcecode.swift; path = ApiError.swift; sourceTree = "<group>"; };
		6C684E122BD97C2E0049164B /* DataManager.swift */ = {isa = PBXFileReference; lastKnownFileType = sourcecode.swift; path = DataManager.swift; sourceTree = "<group>"; };
		6C684E142BD97E430049164B /* StationStatusModel.swift */ = {isa = PBXFileReference; lastKnownFileType = sourcecode.swift; path = StationStatusModel.swift; sourceTree = "<group>"; };
		6C684E162BDADEC90049164B /* MapViewController.swift */ = {isa = PBXFileReference; lastKnownFileType = sourcecode.swift; path = MapViewController.swift; sourceTree = "<group>"; };
		6C684E172BDADEC90049164B /* MapViewController.xib */ = {isa = PBXFileReference; lastKnownFileType = file.xib; path = MapViewController.xib; sourceTree = "<group>"; };
		6C684E1B2BDAE39B0049164B /* StationInfoView.swift */ = {isa = PBXFileReference; lastKnownFileType = sourcecode.swift; path = StationInfoView.swift; sourceTree = "<group>"; };
		6C684E1C2BDAE39B0049164B /* StationInfoView.xib */ = {isa = PBXFileReference; lastKnownFileType = file.xib; path = StationInfoView.xib; sourceTree = "<group>"; };
		6CF531812BD82A3E0084B183 /* bikeFinder.app */ = {isa = PBXFileReference; explicitFileType = wrapper.application; includeInIndex = 0; path = bikeFinder.app; sourceTree = BUILT_PRODUCTS_DIR; };
		6CF531842BD82A3E0084B183 /* AppDelegate.swift */ = {isa = PBXFileReference; lastKnownFileType = sourcecode.swift; path = AppDelegate.swift; sourceTree = "<group>"; };
		6CF531862BD82A3E0084B183 /* SceneDelegate.swift */ = {isa = PBXFileReference; lastKnownFileType = sourcecode.swift; path = SceneDelegate.swift; sourceTree = "<group>"; };
		6CF531882BD82A3E0084B183 /* ViewController.swift */ = {isa = PBXFileReference; lastKnownFileType = sourcecode.swift; path = ViewController.swift; sourceTree = "<group>"; };
		6CF5318B2BD82A3E0084B183 /* Base */ = {isa = PBXFileReference; lastKnownFileType = file.storyboard; name = Base; path = Base.lproj/Main.storyboard; sourceTree = "<group>"; };
		6CF5318E2BD82A3E0084B183 /* bikeFinder.xcdatamodel */ = {isa = PBXFileReference; lastKnownFileType = wrapper.xcdatamodel; path = bikeFinder.xcdatamodel; sourceTree = "<group>"; };
		6CF531902BD82A420084B183 /* Assets.xcassets */ = {isa = PBXFileReference; lastKnownFileType = folder.assetcatalog; path = Assets.xcassets; sourceTree = "<group>"; };
		6CF531932BD82A420084B183 /* Base */ = {isa = PBXFileReference; lastKnownFileType = file.storyboard; name = Base; path = Base.lproj/LaunchScreen.storyboard; sourceTree = "<group>"; };
		6CF531952BD82A420084B183 /* Info.plist */ = {isa = PBXFileReference; lastKnownFileType = text.plist.xml; path = Info.plist; sourceTree = "<group>"; };
		6CF5319B2BD82EA40084B183 /* ApiConnector.swift */ = {isa = PBXFileReference; lastKnownFileType = sourcecode.swift; path = ApiConnector.swift; sourceTree = "<group>"; };
		6CF5319E2BD832380084B183 /* ApiStationInformation.swift */ = {isa = PBXFileReference; lastKnownFileType = sourcecode.swift; path = ApiStationInformation.swift; sourceTree = "<group>"; };
		6CF531A12BD83B440084B183 /* ApiConfig.swift */ = {isa = PBXFileReference; lastKnownFileType = sourcecode.swift; path = ApiConfig.swift; sourceTree = "<group>"; };
		6CF531A32BD83B670084B183 /* UrlFactory.swift */ = {isa = PBXFileReference; lastKnownFileType = sourcecode.swift; path = UrlFactory.swift; sourceTree = "<group>"; };
		6CF531A52BD83B8B0084B183 /* ApiStationStatus.swift */ = {isa = PBXFileReference; lastKnownFileType = sourcecode.swift; path = ApiStationStatus.swift; sourceTree = "<group>"; };
		6CF531A82BD83FAC0084B183 /* StationCell.swift */ = {isa = PBXFileReference; lastKnownFileType = sourcecode.swift; path = StationCell.swift; sourceTree = "<group>"; };
		6CF531A92BD83FAC0084B183 /* StationCell.xib */ = {isa = PBXFileReference; lastKnownFileType = file.xib; path = StationCell.xib; sourceTree = "<group>"; };
/* End PBXFileReference section */

/* Begin PBXFrameworksBuildPhase section */
		6CF5317E2BD82A3E0084B183 /* Frameworks */ = {
			isa = PBXFrameworksBuildPhase;
			buildActionMask = 2147483647;
			files = (
			);
			runOnlyForDeploymentPostprocessing = 0;
		};
/* End PBXFrameworksBuildPhase section */

/* Begin PBXGroup section */
		6C684E0A2BD85FD70049164B /* FirstView */ = {
			isa = PBXGroup;
			children = (
				6CF5318A2BD82A3E0084B183 /* Main.storyboard */,
				6CF531882BD82A3E0084B183 /* ViewController.swift */,
				6CF531A82BD83FAC0084B183 /* StationCell.swift */,
				6CF531A92BD83FAC0084B183 /* StationCell.xib */,
			);
			path = FirstView;
			sourceTree = "<group>";
		};
		6C684E0B2BD85FF40049164B /* SecondView */ = {
			isa = PBXGroup;
			children = (
				6C684E162BDADEC90049164B /* MapViewController.swift */,
				6C684E172BDADEC90049164B /* MapViewController.xib */,
			);
			path = SecondView;
			sourceTree = "<group>";
		};
		6C684E1F2BDAE7B00049164B /* Shared views */ = {
			isa = PBXGroup;
			children = (
				6C684E1B2BDAE39B0049164B /* StationInfoView.swift */,
				6C684E1C2BDAE39B0049164B /* StationInfoView.xib */,
			);
			path = "Shared views";
			sourceTree = "<group>";
		};
		6CF531782BD82A3E0084B183 = {
			isa = PBXGroup;
			children = (
				6CF531832BD82A3E0084B183 /* bikeFinder */,
				6CF531822BD82A3E0084B183 /* Products */,
			);
			sourceTree = "<group>";
		};
		6CF531822BD82A3E0084B183 /* Products */ = {
			isa = PBXGroup;
			children = (
				6CF531812BD82A3E0084B183 /* bikeFinder.app */,
			);
			name = Products;
			sourceTree = "<group>";
		};
		6CF531832BD82A3E0084B183 /* bikeFinder */ = {
			isa = PBXGroup;
			children = (
				6CF531842BD82A3E0084B183 /* AppDelegate.swift */,
				6CF531862BD82A3E0084B183 /* SceneDelegate.swift */,
				6C684E1F2BDAE7B00049164B /* Shared views */,
				6CF5319D2BD832250084B183 /* Model */,
				6CF531A72BD83BB80084B183 /* ApiTools */,
				6C684E0A2BD85FD70049164B /* FirstView */,
				6C684E0B2BD85FF40049164B /* SecondView */,
				6CF531902BD82A420084B183 /* Assets.xcassets */,
				6CF531922BD82A420084B183 /* LaunchScreen.storyboard */,
				6CF531952BD82A420084B183 /* Info.plist */,
				6CF5318D2BD82A3E0084B183 /* bikeFinder.xcdatamodeld */,
			);
			path = bikeFinder;
			sourceTree = "<group>";
		};
		6CF5319D2BD832250084B183 /* Model */ = {
			isa = PBXGroup;
			children = (
				6CF5319E2BD832380084B183 /* ApiStationInformation.swift */,
				6CF531A52BD83B8B0084B183 /* ApiStationStatus.swift */,
				6C684E062BD84FD20049164B /* StationModel.swift */,
				6C684E142BD97E430049164B /* StationStatusModel.swift */,
			);
			path = Model;
			sourceTree = "<group>";
		};
		6CF531A72BD83BB80084B183 /* ApiTools */ = {
			isa = PBXGroup;
			children = (
				6CF5319B2BD82EA40084B183 /* ApiConnector.swift */,
				6CF531A12BD83B440084B183 /* ApiConfig.swift */,
				6CF531A32BD83B670084B183 /* UrlFactory.swift */,
				6C684E0C2BD860DA0049164B /* ApiError.swift */,
				6C684E122BD97C2E0049164B /* DataManager.swift */,
			);
			path = ApiTools;
			sourceTree = "<group>";
		};
/* End PBXGroup section */

/* Begin PBXNativeTarget section */
		6CF531802BD82A3E0084B183 /* bikeFinder */ = {
			isa = PBXNativeTarget;
			buildConfigurationList = 6CF531982BD82A420084B183 /* Build configuration list for PBXNativeTarget "bikeFinder" */;
			buildPhases = (
				6CF5317D2BD82A3E0084B183 /* Sources */,
				6CF5317E2BD82A3E0084B183 /* Frameworks */,
				6CF5317F2BD82A3E0084B183 /* Resources */,
			);
			buildRules = (
			);
			dependencies = (
			);
			name = bikeFinder;
			productName = bikeFinder;
			productReference = 6CF531812BD82A3E0084B183 /* bikeFinder.app */;
			productType = "com.apple.product-type.application";
		};
/* End PBXNativeTarget section */

/* Begin PBXProject section */
		6CF531792BD82A3E0084B183 /* Project object */ = {
			isa = PBXProject;
			attributes = {
				BuildIndependentTargetsInParallel = 1;
				LastSwiftUpdateCheck = 1500;
				LastUpgradeCheck = 1500;
				TargetAttributes = {
					6CF531802BD82A3E0084B183 = {
						CreatedOnToolsVersion = 15.0;
					};
				};
			};
			buildConfigurationList = 6CF5317C2BD82A3E0084B183 /* Build configuration list for PBXProject "bikeFinder" */;
			compatibilityVersion = "Xcode 14.0";
			developmentRegion = en;
			hasScannedForEncodings = 0;
			knownRegions = (
				en,
				Base,
			);
			mainGroup = 6CF531782BD82A3E0084B183;
			productRefGroup = 6CF531822BD82A3E0084B183 /* Products */;
			projectDirPath = "";
			projectRoot = "";
			targets = (
				6CF531802BD82A3E0084B183 /* bikeFinder */,
			);
		};
/* End PBXProject section */

/* Begin PBXResourcesBuildPhase section */
		6CF5317F2BD82A3E0084B183 /* Resources */ = {
			isa = PBXResourcesBuildPhase;
			buildActionMask = 2147483647;
			files = (
				6CF531942BD82A420084B183 /* LaunchScreen.storyboard in Resources */,
				6C684E1E2BDAE39B0049164B /* StationInfoView.xib in Resources */,
				6CF531912BD82A420084B183 /* Assets.xcassets in Resources */,
				6CF531AB2BD83FAC0084B183 /* StationCell.xib in Resources */,
				6C684E192BDADEC90049164B /* MapViewController.xib in Resources */,
				6CF5318C2BD82A3E0084B183 /* Main.storyboard in Resources */,
			);
			runOnlyForDeploymentPostprocessing = 0;
		};
/* End PBXResourcesBuildPhase section */

/* Begin PBXSourcesBuildPhase section */
		6CF5317D2BD82A3E0084B183 /* Sources */ = {
			isa = PBXSourcesBuildPhase;
			buildActionMask = 2147483647;
			files = (
				6CF531AA2BD83FAC0084B183 /* StationCell.swift in Sources */,
				6C684E072BD84FD20049164B /* StationModel.swift in Sources */,
				6CF531A62BD83B8B0084B183 /* ApiStationStatus.swift in Sources */,
				6CF531892BD82A3E0084B183 /* ViewController.swift in Sources */,
				6CF531852BD82A3E0084B183 /* AppDelegate.swift in Sources */,
				6C684E0D2BD860DA0049164B /* ApiError.swift in Sources */,
				6CF5319C2BD82EA40084B183 /* ApiConnector.swift in Sources */,
				6CF5318F2BD82A3E0084B183 /* bikeFinder.xcdatamodeld in Sources */,
				6C684E132BD97C2E0049164B /* DataManager.swift in Sources */,
				6C684E1D2BDAE39B0049164B /* StationInfoView.swift in Sources */,
				6CF5319F2BD832380084B183 /* ApiStationInformation.swift in Sources */,
				6CF531A22BD83B440084B183 /* ApiConfig.swift in Sources */,
				6CF531A42BD83B670084B183 /* UrlFactory.swift in Sources */,
				6C684E152BD97E430049164B /* StationStatusModel.swift in Sources */,
				6C684E182BDADEC90049164B /* MapViewController.swift in Sources */,
				6CF531872BD82A3E0084B183 /* SceneDelegate.swift in Sources */,
			);
			runOnlyForDeploymentPostprocessing = 0;
		};
/* End PBXSourcesBuildPhase section */

/* Begin PBXVariantGroup section */
		6CF5318A2BD82A3E0084B183 /* Main.storyboard */ = {
			isa = PBXVariantGroup;
			children = (
				6CF5318B2BD82A3E0084B183 /* Base */,
			);
			name = Main.storyboard;
			sourceTree = "<group>";
		};
		6CF531922BD82A420084B183 /* LaunchScreen.storyboard */ = {
			isa = PBXVariantGroup;
			children = (
				6CF531932BD82A420084B183 /* Base */,
			);
			name = LaunchScreen.storyboard;
			sourceTree = "<group>";
		};
/* End PBXVariantGroup section */

/* Begin XCBuildConfiguration section */
		6CF531962BD82A420084B183 /* Debug */ = {
			isa = XCBuildConfiguration;
			buildSettings = {
				ALWAYS_SEARCH_USER_PATHS = NO;
				ASSETCATALOG_COMPILER_GENERATE_SWIFT_ASSET_SYMBOL_EXTENSIONS = YES;
				CLANG_ANALYZER_NONNULL = YES;
				CLANG_ANALYZER_NUMBER_OBJECT_CONVERSION = YES_AGGRESSIVE;
				CLANG_CXX_LANGUAGE_STANDARD = "gnu++20";
				CLANG_ENABLE_MODULES = YES;
				CLANG_ENABLE_OBJC_ARC = YES;
				CLANG_ENABLE_OBJC_WEAK = YES;
				CLANG_WARN_BLOCK_CAPTURE_AUTORELEASING = YES;
				CLANG_WARN_BOOL_CONVERSION = YES;
				CLANG_WARN_COMMA = YES;
				CLANG_WARN_CONSTANT_CONVERSION = YES;
				CLANG_WARN_DEPRECATED_OBJC_IMPLEMENTATIONS = YES;
				CLANG_WARN_DIRECT_OBJC_ISA_USAGE = YES_ERROR;
				CLANG_WARN_DOCUMENTATION_COMMENTS = YES;
				CLANG_WARN_EMPTY_BODY = YES;
				CLANG_WARN_ENUM_CONVERSION = YES;
				CLANG_WARN_INFINITE_RECURSION = YES;
				CLANG_WARN_INT_CONVERSION = YES;
				CLANG_WARN_NON_LITERAL_NULL_CONVERSION = YES;
				CLANG_WARN_OBJC_IMPLICIT_RETAIN_SELF = YES;
				CLANG_WARN_OBJC_LITERAL_CONVERSION = YES;
				CLANG_WARN_OBJC_ROOT_CLASS = YES_ERROR;
				CLANG_WARN_QUOTED_INCLUDE_IN_FRAMEWORK_HEADER = YES;
				CLANG_WARN_RANGE_LOOP_ANALYSIS = YES;
				CLANG_WARN_STRICT_PROTOTYPES = YES;
				CLANG_WARN_SUSPICIOUS_MOVE = YES;
				CLANG_WARN_UNGUARDED_AVAILABILITY = YES_AGGRESSIVE;
				CLANG_WARN_UNREACHABLE_CODE = YES;
				CLANG_WARN__DUPLICATE_METHOD_MATCH = YES;
				COPY_PHASE_STRIP = NO;
				DEBUG_INFORMATION_FORMAT = dwarf;
				ENABLE_STRICT_OBJC_MSGSEND = YES;
				ENABLE_TESTABILITY = YES;
				ENABLE_USER_SCRIPT_SANDBOXING = YES;
				GCC_C_LANGUAGE_STANDARD = gnu17;
				GCC_DYNAMIC_NO_PIC = NO;
				GCC_NO_COMMON_BLOCKS = YES;
				GCC_OPTIMIZATION_LEVEL = 0;
				GCC_PREPROCESSOR_DEFINITIONS = (
					"DEBUG=1",
					"$(inherited)",
				);
				GCC_WARN_64_TO_32_BIT_CONVERSION = YES;
				GCC_WARN_ABOUT_RETURN_TYPE = YES_ERROR;
				GCC_WARN_UNDECLARED_SELECTOR = YES;
				GCC_WARN_UNINITIALIZED_AUTOS = YES_AGGRESSIVE;
				GCC_WARN_UNUSED_FUNCTION = YES;
				GCC_WARN_UNUSED_VARIABLE = YES;
				IPHONEOS_DEPLOYMENT_TARGET = 17.0;
				LOCALIZATION_PREFERS_STRING_CATALOGS = YES;
				MTL_ENABLE_DEBUG_INFO = INCLUDE_SOURCE;
				MTL_FAST_MATH = YES;
				ONLY_ACTIVE_ARCH = YES;
				SDKROOT = iphoneos;
				SWIFT_ACTIVE_COMPILATION_CONDITIONS = "DEBUG $(inherited)";
				SWIFT_OPTIMIZATION_LEVEL = "-Onone";
			};
			name = Debug;
		};
		6CF531972BD82A420084B183 /* Release */ = {
			isa = XCBuildConfiguration;
			buildSettings = {
				ALWAYS_SEARCH_USER_PATHS = NO;
				ASSETCATALOG_COMPILER_GENERATE_SWIFT_ASSET_SYMBOL_EXTENSIONS = YES;
				CLANG_ANALYZER_NONNULL = YES;
				CLANG_ANALYZER_NUMBER_OBJECT_CONVERSION = YES_AGGRESSIVE;
				CLANG_CXX_LANGUAGE_STANDARD = "gnu++20";
				CLANG_ENABLE_MODULES = YES;
				CLANG_ENABLE_OBJC_ARC = YES;
				CLANG_ENABLE_OBJC_WEAK = YES;
				CLANG_WARN_BLOCK_CAPTURE_AUTORELEASING = YES;
				CLANG_WARN_BOOL_CONVERSION = YES;
				CLANG_WARN_COMMA = YES;
				CLANG_WARN_CONSTANT_CONVERSION = YES;
				CLANG_WARN_DEPRECATED_OBJC_IMPLEMENTATIONS = YES;
				CLANG_WARN_DIRECT_OBJC_ISA_USAGE = YES_ERROR;
				CLANG_WARN_DOCUMENTATION_COMMENTS = YES;
				CLANG_WARN_EMPTY_BODY = YES;
				CLANG_WARN_ENUM_CONVERSION = YES;
				CLANG_WARN_INFINITE_RECURSION = YES;
				CLANG_WARN_INT_CONVERSION = YES;
				CLANG_WARN_NON_LITERAL_NULL_CONVERSION = YES;
				CLANG_WARN_OBJC_IMPLICIT_RETAIN_SELF = YES;
				CLANG_WARN_OBJC_LITERAL_CONVERSION = YES;
				CLANG_WARN_OBJC_ROOT_CLASS = YES_ERROR;
				CLANG_WARN_QUOTED_INCLUDE_IN_FRAMEWORK_HEADER = YES;
				CLANG_WARN_RANGE_LOOP_ANALYSIS = YES;
				CLANG_WARN_STRICT_PROTOTYPES = YES;
				CLANG_WARN_SUSPICIOUS_MOVE = YES;
				CLANG_WARN_UNGUARDED_AVAILABILITY = YES_AGGRESSIVE;
				CLANG_WARN_UNREACHABLE_CODE = YES;
				CLANG_WARN__DUPLICATE_METHOD_MATCH = YES;
				COPY_PHASE_STRIP = NO;
				DEBUG_INFORMATION_FORMAT = "dwarf-with-dsym";
				ENABLE_NS_ASSERTIONS = NO;
				ENABLE_STRICT_OBJC_MSGSEND = YES;
				ENABLE_USER_SCRIPT_SANDBOXING = YES;
				GCC_C_LANGUAGE_STANDARD = gnu17;
				GCC_NO_COMMON_BLOCKS = YES;
				GCC_WARN_64_TO_32_BIT_CONVERSION = YES;
				GCC_WARN_ABOUT_RETURN_TYPE = YES_ERROR;
				GCC_WARN_UNDECLARED_SELECTOR = YES;
				GCC_WARN_UNINITIALIZED_AUTOS = YES_AGGRESSIVE;
				GCC_WARN_UNUSED_FUNCTION = YES;
				GCC_WARN_UNUSED_VARIABLE = YES;
				IPHONEOS_DEPLOYMENT_TARGET = 17.0;
				LOCALIZATION_PREFERS_STRING_CATALOGS = YES;
				MTL_ENABLE_DEBUG_INFO = NO;
				MTL_FAST_MATH = YES;
				SDKROOT = iphoneos;
				SWIFT_COMPILATION_MODE = wholemodule;
				VALIDATE_PRODUCT = YES;
			};
			name = Release;
		};
		6CF531992BD82A420084B183 /* Debug */ = {
			isa = XCBuildConfiguration;
			buildSettings = {
				ASSETCATALOG_COMPILER_APPICON_NAME = AppIcon;
				ASSETCATALOG_COMPILER_GLOBAL_ACCENT_COLOR_NAME = AccentColor;
				CODE_SIGN_STYLE = Automatic;
				CURRENT_PROJECT_VERSION = 1;
				DEVELOPMENT_TEAM = VB5MBN44WH;
				GENERATE_INFOPLIST_FILE = YES;
				INFOPLIST_FILE = bikeFinder/Info.plist;
				INFOPLIST_KEY_UIApplicationSupportsIndirectInputEvents = YES;
				INFOPLIST_KEY_UILaunchStoryboardName = LaunchScreen;
				INFOPLIST_KEY_UIMainStoryboardFile = Main;
				INFOPLIST_KEY_UISupportedInterfaceOrientations_iPad = "UIInterfaceOrientationPortrait UIInterfaceOrientationPortraitUpsideDown UIInterfaceOrientationLandscapeLeft UIInterfaceOrientationLandscapeRight";
				INFOPLIST_KEY_UISupportedInterfaceOrientations_iPhone = "UIInterfaceOrientationPortrait UIInterfaceOrientationLandscapeLeft UIInterfaceOrientationLandscapeRight";
				LD_RUNPATH_SEARCH_PATHS = (
					"$(inherited)",
					"@executable_path/Frameworks",
				);
				MARKETING_VERSION = 1.0;
				PRODUCT_BUNDLE_IDENTIFIER = com.rytel.bikeFinder;
				PRODUCT_NAME = "$(TARGET_NAME)";
				SWIFT_EMIT_LOC_STRINGS = YES;
				SWIFT_VERSION = 5.0;
				TARGETED_DEVICE_FAMILY = "1,2";
			};
			name = Debug;
		};
		6CF5319A2BD82A420084B183 /* Release */ = {
			isa = XCBuildConfiguration;
			buildSettings = {
				ASSETCATALOG_COMPILER_APPICON_NAME = AppIcon;
				ASSETCATALOG_COMPILER_GLOBAL_ACCENT_COLOR_NAME = AccentColor;
				CODE_SIGN_STYLE = Automatic;
				CURRENT_PROJECT_VERSION = 1;
				DEVELOPMENT_TEAM = VB5MBN44WH;
				GENERATE_INFOPLIST_FILE = YES;
				INFOPLIST_FILE = bikeFinder/Info.plist;
				INFOPLIST_KEY_UIApplicationSupportsIndirectInputEvents = YES;
				INFOPLIST_KEY_UILaunchStoryboardName = LaunchScreen;
				INFOPLIST_KEY_UIMainStoryboardFile = Main;
				INFOPLIST_KEY_UISupportedInterfaceOrientations_iPad = "UIInterfaceOrientationPortrait UIInterfaceOrientationPortraitUpsideDown UIInterfaceOrientationLandscapeLeft UIInterfaceOrientationLandscapeRight";
				INFOPLIST_KEY_UISupportedInterfaceOrientations_iPhone = "UIInterfaceOrientationPortrait UIInterfaceOrientationLandscapeLeft UIInterfaceOrientationLandscapeRight";
				LD_RUNPATH_SEARCH_PATHS = (
					"$(inherited)",
					"@executable_path/Frameworks",
				);
				MARKETING_VERSION = 1.0;
				PRODUCT_BUNDLE_IDENTIFIER = com.rytel.bikeFinder;
				PRODUCT_NAME = "$(TARGET_NAME)";
				SWIFT_EMIT_LOC_STRINGS = YES;
				SWIFT_VERSION = 5.0;
				TARGETED_DEVICE_FAMILY = "1,2";
			};
			name = Release;
		};
/* End XCBuildConfiguration section */

/* Begin XCConfigurationList section */
		6CF5317C2BD82A3E0084B183 /* Build configuration list for PBXProject "bikeFinder" */ = {
			isa = XCConfigurationList;
			buildConfigurations = (
				6CF531962BD82A420084B183 /* Debug */,
				6CF531972BD82A420084B183 /* Release */,
			);
			defaultConfigurationIsVisible = 0;
			defaultConfigurationName = Release;
		};
		6CF531982BD82A420084B183 /* Build configuration list for PBXNativeTarget "bikeFinder" */ = {
			isa = XCConfigurationList;
			buildConfigurations = (
				6CF531992BD82A420084B183 /* Debug */,
				6CF5319A2BD82A420084B183 /* Release */,
			);
			defaultConfigurationIsVisible = 0;
			defaultConfigurationName = Release;
		};
/* End XCConfigurationList section */

/* Begin XCVersionGroup section */
		6CF5318D2BD82A3E0084B183 /* bikeFinder.xcdatamodeld */ = {
			isa = XCVersionGroup;
			children = (
				6CF5318E2BD82A3E0084B183 /* bikeFinder.xcdatamodel */,
			);
			currentVersion = 6CF5318E2BD82A3E0084B183 /* bikeFinder.xcdatamodel */;
			path = bikeFinder.xcdatamodeld;
			sourceTree = "<group>";
			versionGroupType = wrapper.xcdatamodel;
		};
/* End XCVersionGroup section */
	};
	rootObject = 6CF531792BD82A3E0084B183 /* Project object */;
}
